
Microsoft Visual Studio Solution File, Format Version 12.00
# Visual Studio Version 17
VisualStudioVersion = 17.1.32421.90
MinimumVisualStudioVersion = 10.0.40219.1
Project("{9A19103F-16F7-4668-BE54-9A1E7A4F7556}") = "Maxdel", "Maxdel\Maxdel.csproj", "{809C9D31-38AC-4CDD-9D09-C9DA5380B20C}"
EndProject
Project("{FAE04EC0-301F-11D3-BF4B-00C04F79EFBC}") = "MaxdelTest", "MaxdelTest\MaxdelTest.csproj", "{283A38C1-29B0-415C-8FBF-2E083F7AE0F1}"
EndProject
Global
	GlobalSection(SolutionConfigurationPlatforms) = preSolution
		Debug|Any CPU = Debug|Any CPU
		Release|Any CPU = Release|Any CPU
	EndGlobalSection
	GlobalSection(ProjectConfigurationPlatforms) = postSolution
		{809C9D31-38AC-4CDD-9D09-C9DA5380B20C}.Debug|Any CPU.ActiveCfg = Debug|Any CPU
		{809C9D31-38AC-4CDD-9D09-C9DA5380B20C}.Debug|Any CPU.Build.0 = Debug|Any CPU
		{809C9D31-38AC-4CDD-9D09-C9DA5380B20C}.Release|Any CPU.ActiveCfg = Release|Any CPU
		{809C9D31-38AC-4CDD-9D09-C9DA5380B20C}.Release|Any CPU.Build.0 = Release|Any CPU
		{283A38C1-29B0-415C-8FBF-2E083F7AE0F1}.Debug|Any CPU.ActiveCfg = Debug|Any CPU
		{283A38C1-29B0-415C-8FBF-2E083F7AE0F1}.Debug|Any CPU.Build.0 = Debug|Any CPU
		{283A38C1-29B0-415C-8FBF-2E083F7AE0F1}.Release|Any CPU.ActiveCfg = Release|Any CPU
		{283A38C1-29B0-415C-8FBF-2E083F7AE0F1}.Release|Any CPU.Build.0 = Release|Any CPU
	EndGlobalSection
	GlobalSection(SolutionProperties) = preSolution
		HideSolutionNode = FALSE
	EndGlobalSection
	GlobalSection(ExtensibilityGlobals) = postSolution
		SolutionGuid = {77A8E09E-2F6E-4080-91F3-A8E2EF0652CF}
	EndGlobalSection
EndGlobal
